
Microsoft Visual Studio Solution File, Format Version 12.00
# Visual Studio Version 16
VisualStudioVersion = 16.0.29709.97
MinimumVisualStudioVersion = 10.0.40219.1
Project("{FAE04EC0-301F-11D3-BF4B-00C04F79EFBC}") = "ProgramAbstruct", "ProgramAbstruct\ProgramAbstruct.csproj", "{545A0CC1-5C15-419F-B7A7-EC24C988E496}"
EndProject
Global
	GlobalSection(SolutionConfigurationPlatforms) = preSolution
		Debug|Any CPU = Debug|Any CPU
		Release|Any CPU = Release|Any CPU
	EndGlobalSection
	GlobalSection(ProjectConfigurationPlatforms) = postSolution
		{545A0CC1-5C15-419F-B7A7-EC24C988E496}.Debug|Any CPU.ActiveCfg = Debug|Any CPU
		{545A0CC1-5C15-419F-B7A7-EC24C988E496}.Debug|Any CPU.Build.0 = Debug|Any CPU
		{545A0CC1-5C15-419F-B7A7-EC24C988E496}.Release|Any CPU.ActiveCfg = Release|Any CPU
		{545A0CC1-5C15-419F-B7A7-EC24C988E496}.Release|Any CPU.Build.0 = Release|Any CPU
	EndGlobalSection
	GlobalSection(SolutionProperties) = preSolution
		HideSolutionNode = FALSE
	EndGlobalSection
	GlobalSection(ExtensibilityGlobals) = postSolution
		SolutionGuid = {3C20021A-7C18-4DC0-8274-444DBACE7478}
	EndGlobalSection
EndGlobal
